
Microsoft Visual Studio Solution File, Format Version 12.00
# Visual Studio Version 17
VisualStudioVersion = 17.3.32611.2
MinimumVisualStudioVersion = 10.0.40219.1
Project("{FAE04EC0-301F-11D3-BF4B-00C04F79EFBC}") = "BarcodeReaderOnline", "BarcodeReaderOnline\BarcodeReaderOnline.csproj", "{8B5456B1-16C6-4A29-B26E-44DA80D82D67}"
EndProject
Global
	GlobalSection(SolutionConfigurationPlatforms) = preSolution
		Debug|Any CPU = Debug|Any CPU
		Release|Any CPU = Release|Any CPU
	EndGlobalSection
	GlobalSection(ProjectConfigurationPlatforms) = postSolution
		{8B5456B1-16C6-4A29-B26E-44DA80D82D67}.Debug|Any CPU.ActiveCfg = Debug|Any CPU
		{8B5456B1-16C6-4A29-B26E-44DA80D82D67}.Debug|Any CPU.Build.0 = Debug|Any CPU
		{8B5456B1-16C6-4A29-B26E-44DA80D82D67}.Release|Any CPU.ActiveCfg = Release|Any CPU
		{8B5456B1-16C6-4A29-B26E-44DA80D82D67}.Release|Any CPU.Build.0 = Release|Any CPU
	EndGlobalSection
	GlobalSection(SolutionProperties) = preSolution
		HideSolutionNode = FALSE
	EndGlobalSection
	GlobalSection(ExtensibilityGlobals) = postSolution
		SolutionGuid = {E1CA4092-C483-4566-A6D7-A10E1B8F0F27}
	EndGlobalSection
EndGlobal
